
Microsoft Visual Studio Solution File, Format Version 12.00
# Visual Studio Version 16
VisualStudioVersion = 16.0.30907.101
MinimumVisualStudioVersion = 10.0.40219.1
Project("{FAE04EC0-301F-11D3-BF4B-00C04F79EFBC}") = "GeneralStore.MVC", "GeneralStore.MVC\GeneralStore.MVC.csproj", "{0A8AB8B4-F276-4E89-A37F-58D23BDC29EB}"
EndProject
Global
	GlobalSection(SolutionConfigurationPlatforms) = preSolution
		Debug|Any CPU = Debug|Any CPU
		Release|Any CPU = Release|Any CPU
	EndGlobalSection
	GlobalSection(ProjectConfigurationPlatforms) = postSolution
		{0A8AB8B4-F276-4E89-A37F-58D23BDC29EB}.Debug|Any CPU.ActiveCfg = Debug|Any CPU
		{0A8AB8B4-F276-4E89-A37F-58D23BDC29EB}.Debug|Any CPU.Build.0 = Debug|Any CPU
		{0A8AB8B4-F276-4E89-A37F-58D23BDC29EB}.Release|Any CPU.ActiveCfg = Release|Any CPU
		{0A8AB8B4-F276-4E89-A37F-58D23BDC29EB}.Release|Any CPU.Build.0 = Release|Any CPU
	EndGlobalSection
	GlobalSection(SolutionProperties) = preSolution
		HideSolutionNode = FALSE
	EndGlobalSection
	GlobalSection(ExtensibilityGlobals) = postSolution
		SolutionGuid = {D126AE45-FB3D-453C-9B4F-1499E1273D01}
	EndGlobalSection
EndGlobal
